{
  "name": "bar-do-vila",
  "version": "1.0.0",
  "lockfileVersion": 3,
  "requires": true,
  "packages": {
    "": {
      "name": "bar-do-vila",
      "version": "1.0.0",
      "license": "ISC",
      "devDependencies": {
        "bar": "^0.1.2",
        "do": "^0.7.0",
        "vila": "^1.0.0"
      }
    },
    "node_modules/bar": {
      "version": "0.1.2",
      "resolved": "https://registry.npmjs.org/bar/-/bar-0.1.2.tgz",
      "integrity": "sha512-FlFXS7BOkkjSMeNnX7uB2ZPGJw/6PFFQRCMZdMyMct41v7Jj9xwgNKYiZkkuhOCiiN4hdTZzLbddb38MLfTPFg==",
      "dev": true,
      "dependencies": {
        "optimist": "~ 0.2.4",
        "watch": "~ 0.3.2"
      },
      "bin": {
        "node-bar": "bin/bar"
      }
    },
    "node_modules/do": {
      "version": "0.7.0",
      "resolved": "https://registry.npmjs.org/do/-/do-0.7.0.tgz",
      "integrity": "sha512-5NbZf7Pcaa2iwJ8Qvc+id/qsfwr9UWFFn6lDNUE5U2uqSPJMThZqdlfrlIDXhVWwr38v/ifvbkPtjw2cR9d4xg==",
      "dev": true,
      "engines": {
        "node": ">=8.0.0"
      }
    },
    "node_modules/optimist": {
      "version": "0.2.8",
      "resolved": "https://registry.npmjs.org/optimist/-/optimist-0.2.8.tgz",
      "integrity": "sha512-Wy7E3cQDpqsTIFyW7m22hSevyTLxw850ahYv7FWsw4G6MIKVTZ8NSA95KBrQ95a4SMsMr1UGUUnwEFKhVaSzIg==",
      "dev": true,
      "dependencies": {
        "wordwrap": ">=0.0.1 <0.1.0"
      },
      "engines": {
        "node": "*"
      }
    },
    "node_modules/vila": {
      "version": "1.0.0",
      "resolved": "https://registry.npmjs.org/vila/-/vila-1.0.0.tgz",
      "integrity": "sha512-rB2QdlUPW1rKkKtnCkPvaGJiFbLxCxeQC6RdungDi8+KmpbUWfWEj3inw/leIzNx39qcAc2yKro93BimYb98/w==",
      "dev": true
    },
    "node_modules/watch": {
      "version": "0.3.3",
      "resolved": "https://registry.npmjs.org/watch/-/watch-0.3.3.tgz",
      "integrity": "sha512-yNx4eMhTG29DTd4Z9SKOr0ToGTHrE4niDl/IVg2zX0dSZeVEVl78qsXzUUBednvz3SphdX8H6bD7N5m70eT2YQ==",
      "dev": true,
      "engines": [
        "node >=0.1.95"
      ]
    },
    "node_modules/wordwrap": {
      "version": "0.0.3",
      "resolved": "https://registry.npmjs.org/wordwrap/-/wordwrap-0.0.3.tgz",
      "integrity": "sha512-1tMA907+V4QmxV7dbRvb4/8MaRALK6q9Abid3ndMYnbyo8piisCmeONVqVSXqQA3KaP4SLt5b7ud6E2sqP8TFw==",
      "dev": true,
      "engines": {
        "node": ">=0.4.0"
      }
    }
  }
}
